PODS:
  - Capacitor (7.4.4):
    - CapacitorCordova
  - CapacitorCordova (7.4.4)
  - CapacitorGeolocation (7.1.6):
    - Capacitor
    - IONGeolocationLib (= 1.0.1)
  - CapacitorHealthkitSleep (0.0.1):
    - Capacitor
  - IONGeolocationLib (1.0.1)

DEPENDENCIES:
  - "Capacitor (from `../../node_modules/@capacitor/ios`)"
  - "CapacitorCordova (from `../../node_modules/@capacitor/ios`)"
  - "CapacitorGeolocation (from `../../node_modules/@capacitor/geolocation`)"
  - CapacitorHealthkitSleep (from `../../capacitor-healthkit-sleep`)

SPEC REPOS:
  trunk:
    - IONGeolocationLib

EXTERNAL SOURCES:
  Capacitor:
    :path: "../../node_modules/@capacitor/ios"
  CapacitorCordova:
    :path: "../../node_modules/@capacitor/ios"
  CapacitorGeolocation:
    :path: "../../node_modules/@capacitor/geolocation"
  CapacitorHealthkitSleep:
    :path: "../../capacitor-healthkit-sleep"

SPEC CHECKSUMS:
  Capacitor: 358dd1c3fdd71d969547b17e159fd8a7736cb45f
  CapacitorCordova: bf648a636f3c153f652d312ae145fb508b6ffced
  CapacitorGeolocation: a65213fef581c7b8c5d486abbd5a6d00192a179e
  CapacitorHealthkitSleep: fbf09cf3c4a3531e10102f5964295efe1f972bdb
  IONGeolocationLib: 20f9d0248a0b5264511fb57a37e25dd2badf797a

PODFILE CHECKSUM: 3f3aa9e7fdfdfc4fa75a6a8701742b7b52025b72

COCOAPODS: 1.16.2
